Microsoft Visual Studio Solution File, Format Version 12.00
# Visual Studio Version 17
VisualStudioVersion = 17.5.2.0
MinimumVisualStudioVersion = 10.0.40219.1
Project("{FAE04EC0-301F-11D3-BF4B-00C04F79EFBC}") = "ISGKkdTakip", "ISGKkdTakip.csproj", "{654E7ED3-26AE-C2C5-3977-75A89CD65B09}"
EndProject
Global
	GlobalSection(SolutionConfigurationPlatforms) = preSolution
		Debug|Any CPU = Debug|Any CPU
		Release|Any CPU = Release|Any CPU
	EndGlobalSection
	GlobalSection(ProjectConfigurationPlatforms) = postSolution
		{654E7ED3-26AE-C2C5-3977-75A89CD65B09}.Debug|Any CPU.ActiveCfg = Debug|Any CPU
		{654E7ED3-26AE-C2C5-3977-75A89CD65B09}.Debug|Any CPU.Build.0 = Debug|Any CPU
		{654E7ED3-26AE-C2C5-3977-75A89CD65B09}.Release|Any CPU.ActiveCfg = Release|Any CPU
		{654E7ED3-26AE-C2C5-3977-75A89CD65B09}.Release|Any CPU.Build.0 = Release|Any CPU
	EndGlobalSection
	GlobalSection(SolutionProperties) = preSolution
		HideSolutionNode = FALSE
	EndGlobalSection
	GlobalSection(ExtensibilityGlobals) = postSolution
		SolutionGuid = {82B563C8-E0D2-411E-BFC7-A20D0E323419}
	EndGlobalSection
EndGlobal
